
Microsoft Visual Studio Solution File, Format Version 12.00
# Visual Studio Version 16
VisualStudioVersion = 16.0.31829.152
MinimumVisualStudioVersion = 10.0.40219.1
Project("{FAE04EC0-301F-11D3-BF4B-00C04F79EFBC}") = "tictactoe", "tictactoe\tictactoe.csproj", "{2B90CE0D-CFDA-4F28-9D3F-070BC911553F}"
EndProject
Global
	GlobalSection(SolutionConfigurationPlatforms) = preSolution
		Debug|Any CPU = Debug|Any CPU
		Release|Any CPU = Release|Any CPU
	EndGlobalSection
	GlobalSection(ProjectConfigurationPlatforms) = postSolution
		{2B90CE0D-CFDA-4F28-9D3F-070BC911553F}.Debug|Any CPU.ActiveCfg = Debug|Any CPU
		{2B90CE0D-CFDA-4F28-9D3F-070BC911553F}.Debug|Any CPU.Build.0 = Debug|Any CPU
		{2B90CE0D-CFDA-4F28-9D3F-070BC911553F}.Release|Any CPU.ActiveCfg = Release|Any CPU
		{2B90CE0D-CFDA-4F28-9D3F-070BC911553F}.Release|Any CPU.Build.0 = Release|Any CPU
	EndGlobalSection
	GlobalSection(SolutionProperties) = preSolution
		HideSolutionNode = FALSE
	EndGlobalSection
	GlobalSection(ExtensibilityGlobals) = postSolution
		SolutionGuid = {0E8A0976-2BC2-46A4-8C35-9BB7DC2CEE77}
	EndGlobalSection
EndGlobal
